// !$*UTF8*$!
{
	archiveVersion = 1;
	classes = {
	};
	objectVersion = 56;
	objects = {

/* Begin PBXBuildFile section */
		D2B599642A17742600402EDA /* AppDelegate.swift in Sources */ = {isa = PBXBuildFile; fileRef = D2B599632A17742600402EDA /* AppDelegate.swift */; };
		D2B599662A17742600402EDA /* SceneDelegate.swift in Sources */ = {isa = PBXBuildFile; fileRef = D2B599652A17742600402EDA /* SceneDelegate.swift */; };
		D2B5996B2A17742600402EDA /* Main.storyboard in Resources */ = {isa = PBXBuildFile; fileRef = D2B599692A17742600402EDA /* Main.storyboard */; };
		D2B5996D2A17742600402EDA /* Assets.xcassets in Resources */ = {isa = PBXBuildFile; fileRef = D2B5996C2A17742600402EDA /* Assets.xcassets */; };
		D2B599702A17742600402EDA /* LaunchScreen.storyboard in Resources */ = {isa = PBXBuildFile; fileRef = D2B5996E2A17742600402EDA /* LaunchScreen.storyboard */; };
		D2B5997B2A17742700402EDA /* SymbolRollerTests.swift in Sources */ = {isa = PBXBuildFile; fileRef = D2B5997A2A17742700402EDA /* SymbolRollerTests.swift */; };
		D2B599852A17742700402EDA /* SymbolRollerUITests.swift in Sources */ = {isa = PBXBuildFile; fileRef = D2B599842A17742700402EDA /* SymbolRollerUITests.swift */; };
		D2B599872A17742700402EDA /* SymbolRollerUITestsLaunchTests.swift in Sources */ = {isa = PBXBuildFile; fileRef = D2B599862A17742700402EDA /* SymbolRollerUITestsLaunchTests.swift */; };
		D2B599942A17780700402EDA /* SymbolRollerViewController.swift in Sources */ = {isa = PBXBuildFile; fileRef = D2B599932A17780700402EDA /* SymbolRollerViewController.swift */; };
/* End PBXBuildFile section */

/* Begin PBXContainerItemProxy section */
		D2B599772A17742600402EDA /* PBXContainerItemProxy */ = {
			isa = PBXContainerItemProxy;
			containerPortal = D2B599582A17742500402EDA /* Project object */;
			proxyType = 1;
			remoteGlobalIDString = D2B5995F2A17742600402EDA;
			remoteInfo = SymbolRoller;
		};
		D2B599812A17742700402EDA /* PBXContainerItemProxy */ = {
			isa = PBXContainerItemProxy;
			containerPortal = D2B599582A17742500402EDA /* Project object */;
			proxyType = 1;
			remoteGlobalIDString = D2B5995F2A17742600402EDA;
			remoteInfo = SymbolRoller;
		};
/* End PBXContainerItemProxy section */

/* Begin PBXFileReference section */
		D2B599602A17742600402EDA /* SymbolRoller.app */ = {isa = PBXFileReference; explicitFileType = wrapper.application; includeInIndex = 0; path = SymbolRoller.app; sourceTree = BUILT_PRODUCTS_DIR; };
		D2B599632A17742600402EDA /* AppDelegate.swift */ = {isa = PBXFileReference; lastKnownFileType = sourcecode.swift; path = AppDelegate.swift; sourceTree = "<group>"; };
		D2B599652A17742600402EDA /* SceneDelegate.swift */ = {isa = PBXFileReference; lastKnownFileType = sourcecode.swift; path = SceneDelegate.swift; sourceTree = "<group>"; };
		D2B5996A2A17742600402EDA /* Base */ = {isa = PBXFileReference; lastKnownFileType = file.storyboard; name = Base; path = Base.lproj/Main.storyboard; sourceTree = "<group>"; };
		D2B5996C2A17742600402EDA /* Assets.xcassets */ = {isa = PBXFileReference; lastKnownFileType = folder.assetcatalog; path = Assets.xcassets; sourceTree = "<group>"; };
		D2B5996F2A17742600402EDA /* Base */ = {isa = PBXFileReference; lastKnownFileType = file.storyboard; name = Base; path = Base.lproj/LaunchScreen.storyboard; sourceTree = "<group>"; };
		D2B599712A17742600402EDA /* Info.plist */ = {isa = PBXFileReference; lastKnownFileType = text.plist.xml; path = Info.plist; sourceTree = "<group>"; };
		D2B599762A17742600402EDA /* SymbolRollerTests.xctest */ = {isa = PBXFileReference; explicitFileType = wrapper.cfbundle; includeInIndex = 0; path = SymbolRollerTests.xctest; sourceTree = BUILT_PRODUCTS_DIR; };
		D2B5997A2A17742700402EDA /* SymbolRollerTests.swift */ = {isa = PBXFileReference; lastKnownFileType = sourcecode.swift; path = SymbolRollerTests.swift; sourceTree = "<group>"; };
		D2B599802A17742700402EDA /* SymbolRollerUITests.xctest */ = {isa = PBXFileReference; explicitFileType = wrapper.cfbundle; includeInIndex = 0; path = SymbolRollerUITests.xctest; sourceTree = BUILT_PRODUCTS_DIR; };
		D2B599842A17742700402EDA /* SymbolRollerUITests.swift */ = {isa = PBXFileReference; lastKnownFileType = sourcecode.swift; path = SymbolRollerUITests.swift; sourceTree = "<group>"; };
		D2B599862A17742700402EDA /* SymbolRollerUITestsLaunchTests.swift */ = {isa = PBXFileReference; lastKnownFileType = sourcecode.swift; path = SymbolRollerUITestsLaunchTests.swift; sourceTree = "<group>"; };
		D2B599932A17780700402EDA /* SymbolRollerViewController.swift */ = {isa = PBXFileReference; lastKnownFileType = sourcecode.swift; path = SymbolRollerViewController.swift; sourceTree = "<group>"; };
/* End PBXFileReference section */

/* Begin PBXFrameworksBuildPhase section */
		D2B5995D2A17742600402EDA /* Frameworks */ = {
			isa = PBXFrameworksBuildPhase;
			buildActionMask = 2147483647;
			files = (
			);
			runOnlyForDeploymentPostprocessing = 0;
		};
		D2B599732A17742600402EDA /* Frameworks */ = {
			isa = PBXFrameworksBuildPhase;
			buildActionMask = 2147483647;
			files = (
			);
			runOnlyForDeploymentPostprocessing = 0;
		};
		D2B5997D2A17742700402EDA /* Frameworks */ = {
			isa = PBXFrameworksBuildPhase;
			buildActionMask = 2147483647;
			files = (
			);
			runOnlyForDeploymentPostprocessing = 0;
		};
/* End PBXFrameworksBuildPhase section */

/* Begin PBXGroup section */
		D2B599572A17742500402EDA = {
			isa = PBXGroup;
			children = (
				D2B599622A17742600402EDA /* SymbolRoller */,
				D2B599792A17742700402EDA /* SymbolRollerTests */,
				D2B599832A17742700402EDA /* SymbolRollerUITests */,
				D2B599612A17742600402EDA /* Products */,
			);
			sourceTree = "<group>";
		};
		D2B599612A17742600402EDA /* Products */ = {
			isa = PBXGroup;
			children = (
				D2B599602A17742600402EDA /* SymbolRoller.app */,
				D2B599762A17742600402EDA /* SymbolRollerTests.xctest */,
				D2B599802A17742700402EDA /* SymbolRollerUITests.xctest */,
			);
			name = Products;
			sourceTree = "<group>";
		};
		D2B599622A17742600402EDA /* SymbolRoller */ = {
			isa = PBXGroup;
			children = (
				D2B599632A17742600402EDA /* AppDelegate.swift */,
				D2B599652A17742600402EDA /* SceneDelegate.swift */,
				D2B599692A17742600402EDA /* Main.storyboard */,
				D2B5996C2A17742600402EDA /* Assets.xcassets */,
				D2B5996E2A17742600402EDA /* LaunchScreen.storyboard */,
				D2B599712A17742600402EDA /* Info.plist */,
				D2B599932A17780700402EDA /* SymbolRollerViewController.swift */,
			);
			path = SymbolRoller;
			sourceTree = "<group>";
		};
		D2B599792A17742700402EDA /* SymbolRollerTests */ = {
			isa = PBXGroup;
			children = (
				D2B5997A2A17742700402EDA /* SymbolRollerTests.swift */,
			);
			path = SymbolRollerTests;
			sourceTree = "<group>";
		};
		D2B599832A17742700402EDA /* SymbolRollerUITests */ = {
			isa = PBXGroup;
			children = (
				D2B599842A17742700402EDA /* SymbolRollerUITests.swift */,
				D2B599862A17742700402EDA /* SymbolRollerUITestsLaunchTests.swift */,
			);
			path = SymbolRollerUITests;
			sourceTree = "<group>";
		};
/* End PBXGroup section */

/* Begin PBXNativeTarget section */
		D2B5995F2A17742600402EDA /* SymbolRoller */ = {
			isa = PBXNativeTarget;
			buildConfigurationList = D2B5998A2A17742700402EDA /* Build configuration list for PBXNativeTarget "SymbolRoller" */;
			buildPhases = (
				D2B5995C2A17742600402EDA /* Sources */,
				D2B5995D2A17742600402EDA /* Frameworks */,
				D2B5995E2A17742600402EDA /* Resources */,
			);
			buildRules = (
			);
			dependencies = (
			);
			name = SymbolRoller;
			productName = SymbolRoller;
			productReference = D2B599602A17742600402EDA /* SymbolRoller.app */;
			productType = "com.apple.product-type.application";
		};
		D2B599752A17742600402EDA /* SymbolRollerTests */ = {
			isa = PBXNativeTarget;
			buildConfigurationList = D2B5998D2A17742700402EDA /* Build configuration list for PBXNativeTarget "SymbolRollerTests" */;
			buildPhases = (
				D2B599722A17742600402EDA /* Sources */,
				D2B599732A17742600402EDA /* Frameworks */,
				D2B599742A17742600402EDA /* Resources */,
			);
			buildRules = (
			);
			dependencies = (
				D2B599782A17742600402EDA /* PBXTargetDependency */,
			);
			name = SymbolRollerTests;
			productName = SymbolRollerTests;
			productReference = D2B599762A17742600402EDA /* SymbolRollerTests.xctest */;
			productType = "com.apple.product-type.bundle.unit-test";
		};
		D2B5997F2A17742700402EDA /* SymbolRollerUITests */ = {
			isa = PBXNativeTarget;
			buildConfigurationList = D2B599902A17742700402EDA /* Build configuration list for PBXNativeTarget "SymbolRollerUITests" */;
			buildPhases = (
				D2B5997C2A17742700402EDA /* Sources */,
				D2B5997D2A17742700402EDA /* Frameworks */,
				D2B5997E2A17742700402EDA /* Resources */,
			);
			buildRules = (
			);
			dependencies = (
				D2B599822A17742700402EDA /* PBXTargetDependency */,
			);
			name = SymbolRollerUITests;
			productName = SymbolRollerUITests;
			productReference = D2B599802A17742700402EDA /* SymbolRollerUITests.xctest */;
			productType = "com.apple.product-type.bundle.ui-testing";
		};
/* End PBXNativeTarget section */

/* Begin PBXProject section */
		D2B599582A17742500402EDA /* Project object */ = {
			isa = PBXProject;
			attributes = {
				BuildIndependentTargetsInParallel = 1;
				LastSwiftUpdateCheck = 1430;
				LastUpgradeCheck = 1430;
				TargetAttributes = {
					D2B5995F2A17742600402EDA = {
						CreatedOnToolsVersion = 14.3;
					};
					D2B599752A17742600402EDA = {
						CreatedOnToolsVersion = 14.3;
						TestTargetID = D2B5995F2A17742600402EDA;
					};
					D2B5997F2A17742700402EDA = {
						CreatedOnToolsVersion = 14.3;
						TestTargetID = D2B5995F2A17742600402EDA;
					};
				};
			};
			buildConfigurationList = D2B5995B2A17742500402EDA /* Build configuration list for PBXProject "SymbolRoller" */;
			compatibilityVersion = "Xcode 14.0";
			developmentRegion = en;
			hasScannedForEncodings = 0;
			knownRegions = (
				en,
				Base,
			);
			mainGroup = D2B599572A17742500402EDA;
			productRefGroup = D2B599612A17742600402EDA /* Products */;
			projectDirPath = "";
			projectRoot = "";
			targets = (
				D2B5995F2A17742600402EDA /* SymbolRoller */,
				D2B599752A17742600402EDA /* SymbolRollerTests */,
				D2B5997F2A17742700402EDA /* SymbolRollerUITests */,
			);
		};
/* End PBXProject section */

/* Begin PBXResourcesBuildPhase section */
		D2B5995E2A17742600402EDA /* Resources */ = {
			isa = PBXResourcesBuildPhase;
			buildActionMask = 2147483647;
			files = (
				D2B599702A17742600402EDA /* LaunchScreen.storyboard in Resources */,
				D2B5996D2A17742600402EDA /* Assets.xcassets in Resources */,
				D2B5996B2A17742600402EDA /* Main.storyboard in Resources */,
			);
			runOnlyForDeploymentPostprocessing = 0;
		};
		D2B599742A17742600402EDA /* Resources */ = {
			isa = PBXResourcesBuildPhase;
			buildActionMask = 2147483647;
			files = (
			);
			runOnlyForDeploymentPostprocessing = 0;
		};
		D2B5997E2A17742700402EDA /* Resources */ = {
			isa = PBXResourcesBuildPhase;
			buildActionMask = 2147483647;
			files = (
			);
			runOnlyForDeploymentPostprocessing = 0;
		};
/* End PBXResourcesBuildPhase section */

/* Begin PBXSourcesBuildPhase section */
		D2B5995C2A17742600402EDA /* Sources */ = {
			isa = PBXSourcesBuildPhase;
			buildActionMask = 2147483647;
			files = (
				D2B599642A17742600402EDA /* AppDelegate.swift in Sources */,
				D2B599662A17742600402EDA /* SceneDelegate.swift in Sources */,
				D2B599942A17780700402EDA /* SymbolRollerViewController.swift in Sources */,
			);
			runOnlyForDeploymentPostprocessing = 0;
		};
		D2B599722A17742600402EDA /* Sources */ = {
			isa = PBXSourcesBuildPhase;
			buildActionMask = 2147483647;
			files = (
				D2B5997B2A17742700402EDA /* SymbolRollerTests.swift in Sources */,
			);
			runOnlyForDeploymentPostprocessing = 0;
		};
		D2B5997C2A17742700402EDA /* Sources */ = {
			isa = PBXSourcesBuildPhase;
			buildActionMask = 2147483647;
			files = (
				D2B599872A17742700402EDA /* SymbolRollerUITestsLaunchTests.swift in Sources */,
				D2B599852A17742700402EDA /* SymbolRollerUITests.swift in Sources */,
			);
			runOnlyForDeploymentPostprocessing = 0;
		};
/* End PBXSourcesBuildPhase section */

/* Begin PBXTargetDependency section */
		D2B599782A17742600402EDA /* PBXTargetDependency */ = {
			isa = PBXTargetDependency;
			target = D2B5995F2A17742600402EDA /* SymbolRoller */;
			targetProxy = D2B599772A17742600402EDA /* PBXContainerItemProxy */;
		};
		D2B599822A17742700402EDA /* PBXTargetDependency */ = {
			isa = PBXTargetDependency;
			target = D2B5995F2A17742600402EDA /* SymbolRoller */;
			targetProxy = D2B599812A17742700402EDA /* PBXContainerItemProxy */;
		};
/* End PBXTargetDependency section */

/* Begin PBXVariantGroup section */
		D2B599692A17742600402EDA /* Main.storyboard */ = {
			isa = PBXVariantGroup;
			children = (
				D2B5996A2A17742600402EDA /* Base */,
			);
			name = Main.storyboard;
			sourceTree = "<group>";
		};
		D2B5996E2A17742600402EDA /* LaunchScreen.storyboard */ = {
			isa = PBXVariantGroup;
			children = (
				D2B5996F2A17742600402EDA /* Base */,
			);
			name = LaunchScreen.storyboard;
			sourceTree = "<group>";
		};
/* End PBXVariantGroup section */

/* Begin XCBuildConfiguration section */
		D2B599882A17742700402EDA /* Debug */ = {
			isa = XCBuildConfiguration;
			buildSettings = {
				ALWAYS_SEARCH_USER_PATHS = NO;
				CLANG_ANALYZER_NONNULL = YES;
				CLANG_ANALYZER_NUMBER_OBJECT_CONVERSION = YES_AGGRESSIVE;
				CLANG_CXX_LANGUAGE_STANDARD = "gnu++20";
				CLANG_ENABLE_MODULES = YES;
				CLANG_ENABLE_OBJC_ARC = YES;
				CLANG_ENABLE_OBJC_WEAK = YES;
				CLANG_WARN_BLOCK_CAPTURE_AUTORELEASING = YES;
				CLANG_WARN_BOOL_CONVERSION = YES;
				CLANG_WARN_COMMA = YES;
				CLANG_WARN_CONSTANT_CONVERSION = YES;
				CLANG_WARN_DEPRECATED_OBJC_IMPLEMENTATIONS = YES;
				CLANG_WARN_DIRECT_OBJC_ISA_USAGE = YES_ERROR;
				CLANG_WARN_DOCUMENTATION_COMMENTS = YES;
				CLANG_WARN_EMPTY_BODY = YES;
				CLANG_WARN_ENUM_CONVERSION = YES;
				CLANG_WARN_INFINITE_RECURSION = YES;
				CLANG_WARN_INT_CONVERSION = YES;
				CLANG_WARN_NON_LITERAL_NULL_CONVERSION = YES;
				CLANG_WARN_OBJC_IMPLICIT_RETAIN_SELF = YES;
				CLANG_WARN_OBJC_LITERAL_CONVERSION = YES;
				CLANG_WARN_OBJC_ROOT_CLASS = YES_ERROR;
				CLANG_WARN_QUOTED_INCLUDE_IN_FRAMEWORK_HEADER = YES;
				CLANG_WARN_RANGE_LOOP_ANALYSIS = YES;
				CLANG_WARN_STRICT_PROTOTYPES = YES;
				CLANG_WARN_SUSPICIOUS_MOVE = YES;
				CLANG_WARN_UNGUARDED_AVAILABILITY = YES_AGGRESSIVE;
				CLANG_WARN_UNREACHABLE_CODE = YES;
				CLANG_WARN__DUPLICATE_METHOD_MATCH = YES;
				COPY_PHASE_STRIP = NO;
				DEBUG_INFORMATION_FORMAT = dwarf;
				ENABLE_STRICT_OBJC_MSGSEND = YES;
				ENABLE_TESTABILITY = YES;
				GCC_C_LANGUAGE_STANDARD = gnu11;
				GCC_DYNAMIC_NO_PIC = NO;
				GCC_NO_COMMON_BLOCKS = YES;
				GCC_OPTIMIZATION_LEVEL = 0;
				GCC_PREPROCESSOR_DEFINITIONS = (
					"DEBUG=1",
					"$(inherited)",
				);
				GCC_WARN_64_TO_32_BIT_CONVERSION = YES;
				GCC_WARN_ABOUT_RETURN_TYPE = YES_ERROR;
				GCC_WARN_UNDECLARED_SELECTOR = YES;
				GCC_WARN_UNINITIALIZED_AUTOS = YES_AGGRESSIVE;
				GCC_WARN_UNUSED_FUNCTION = YES;
				GCC_WARN_UNUSED_VARIABLE = YES;
				IPHONEOS_DEPLOYMENT_TARGET = 16.4;
				MTL_ENABLE_DEBUG_INFO = INCLUDE_SOURCE;
				MTL_FAST_MATH = YES;
				ONLY_ACTIVE_ARCH = YES;
				SDKROOT = iphoneos;
				SWIFT_ACTIVE_COMPILATION_CONDITIONS = DEBUG;
				SWIFT_OPTIMIZATION_LEVEL = "-Onone";
			};
			name = Debug;
		};
		D2B599892A17742700402EDA /* Release */ = {
			isa = XCBuildConfiguration;
			buildSettings = {
				ALWAYS_SEARCH_USER_PATHS = NO;
				CLANG_ANALYZER_NONNULL = YES;
				CLANG_ANALYZER_NUMBER_OBJECT_CONVERSION = YES_AGGRESSIVE;
				CLANG_CXX_LANGUAGE_STANDARD = "gnu++20";
				CLANG_ENABLE_MODULES = YES;
				CLANG_ENABLE_OBJC_ARC = YES;
				CLANG_ENABLE_OBJC_WEAK = YES;
				CLANG_WARN_BLOCK_CAPTURE_AUTORELEASING = YES;
				CLANG_WARN_BOOL_CONVERSION = YES;
				CLANG_WARN_COMMA = YES;
				CLANG_WARN_CONSTANT_CONVERSION = YES;
				CLANG_WARN_DEPRECATED_OBJC_IMPLEMENTATIONS = YES;
				CLANG_WARN_DIRECT_OBJC_ISA_USAGE = YES_ERROR;
				CLANG_WARN_DOCUMENTATION_COMMENTS = YES;
				CLANG_WARN_EMPTY_BODY = YES;
				CLANG_WARN_ENUM_CONVERSION = YES;
				CLANG_WARN_INFINITE_RECURSION = YES;
				CLANG_WARN_INT_CONVERSION = YES;
				CLANG_WARN_NON_LITERAL_NULL_CONVERSION = YES;
				CLANG_WARN_OBJC_IMPLICIT_RETAIN_SELF = YES;
				CLANG_WARN_OBJC_LITERAL_CONVERSION = YES;
				CLANG_WARN_OBJC_ROOT_CLASS = YES_ERROR;
				CLANG_WARN_QUOTED_INCLUDE_IN_FRAMEWORK_HEADER = YES;
				CLANG_WARN_RANGE_LOOP_ANALYSIS = YES;
				CLANG_WARN_STRICT_PROTOTYPES = YES;
				CLANG_WARN_SUSPICIOUS_MOVE = YES;
				CLANG_WARN_UNGUARDED_AVAILABILITY = YES_AGGRESSIVE;
				CLANG_WARN_UNREACHABLE_CODE = YES;
				CLANG_WARN__DUPLICATE_METHOD_MATCH = YES;
				COPY_PHASE_STRIP = NO;
				DEBUG_INFORMATION_FORMAT = "dwarf-with-dsym";
				ENABLE_NS_ASSERTIONS = NO;
				ENABLE_STRICT_OBJC_MSGSEND = YES;
				GCC_C_LANGUAGE_STANDARD = gnu11;
				GCC_NO_COMMON_BLOCKS = YES;
				GCC_WARN_64_TO_32_BIT_CONVERSION = YES;
				GCC_WARN_ABOUT_RETURN_TYPE = YES_ERROR;
				GCC_WARN_UNDECLARED_SELECTOR = YES;
				GCC_WARN_UNINITIALIZED_AUTOS = YES_AGGRESSIVE;
				GCC_WARN_UNUSED_FUNCTION = YES;
				GCC_WARN_UNUSED_VARIABLE = YES;
				IPHONEOS_DEPLOYMENT_TARGET = 16.4;
				MTL_ENABLE_DEBUG_INFO = NO;
				MTL_FAST_MATH = YES;
				SDKROOT = iphoneos;
				SWIFT_COMPILATION_MODE = wholemodule;
				SWIFT_OPTIMIZATION_LEVEL = "-O";
				VALIDATE_PRODUCT = YES;
			};
			name = Release;
		};
		D2B5998B2A17742700402EDA /* Debug */ = {
			isa = XCBuildConfiguration;
			buildSettings = {
				ASSETCATALOG_COMPILER_APPICON_NAME = AppIcon;
				ASSETCATALOG_COMPILER_GLOBAL_ACCENT_COLOR_NAME = AccentColor;
				CODE_SIGN_STYLE = Automatic;
				CURRENT_PROJECT_VERSION = 1;
				GENERATE_INFOPLIST_FILE = YES;
				INFOPLIST_FILE = SymbolRoller/Info.plist;
				INFOPLIST_KEY_UIApplicationSupportsIndirectInputEvents = YES;
				INFOPLIST_KEY_UILaunchStoryboardName = LaunchScreen;
				INFOPLIST_KEY_UIMainStoryboardFile = Main;
				INFOPLIST_KEY_UISupportedInterfaceOrientations_iPad = "UIInterfaceOrientationPortrait UIInterfaceOrientationPortraitUpsideDown UIInterfaceOrientationLandscapeLeft UIInterfaceOrientationLandscapeRight";
				INFOPLIST_KEY_UISupportedInterfaceOrientations_iPhone = "UIInterfaceOrientationPortrait UIInterfaceOrientationLandscapeLeft UIInterfaceOrientationLandscapeRight";
				LD_RUNPATH_SEARCH_PATHS = (
					"$(inherited)",
					"@executable_path/Frameworks",
				);
				MARKETING_VERSION = 1.0;
				PRODUCT_BUNDLE_IDENTIFIER = com.jaehee.SymbolRoller;
				PRODUCT_NAME = "$(TARGET_NAME)";
				SWIFT_EMIT_LOC_STRINGS = YES;
				SWIFT_VERSION = 5.0;
				TARGETED_DEVICE_FAMILY = "1,2";
			};
			name = Debug;
		};
		D2B5998C2A17742700402EDA /* Release */ = {
			isa = XCBuildConfiguration;
			buildSettings = {
				ASSETCATALOG_COMPILER_APPICON_NAME = AppIcon;
				ASSETCATALOG_COMPILER_GLOBAL_ACCENT_COLOR_NAME = AccentColor;
				CODE_SIGN_STYLE = Automatic;
				CURRENT_PROJECT_VERSION = 1;
				GENERATE_INFOPLIST_FILE = YES;
				INFOPLIST_FILE = SymbolRoller/Info.plist;
				INFOPLIST_KEY_UIApplicationSupportsIndirectInputEvents = YES;
				INFOPLIST_KEY_UILaunchStoryboardName = LaunchScreen;
				INFOPLIST_KEY_UIMainStoryboardFile = Main;
				INFOPLIST_KEY_UISupportedInterfaceOrientations_iPad = "UIInterfaceOrientationPortrait UIInterfaceOrientationPortraitUpsideDown UIInterfaceOrientationLandscapeLeft UIInterfaceOrientationLandscapeRight";
				INFOPLIST_KEY_UISupportedInterfaceOrientations_iPhone = "UIInterfaceOrientationPortrait UIInterfaceOrientationLandscapeLeft UIInterfaceOrientationLandscapeRight";
				LD_RUNPATH_SEARCH_PATHS = (
					"$(inherited)",
					"@executable_path/Frameworks",
				);
				MARKETING_VERSION = 1.0;
				PRODUCT_BUNDLE_IDENTIFIER = com.jaehee.SymbolRoller;
				PRODUCT_NAME = "$(TARGET_NAME)";
				SWIFT_EMIT_LOC_STRINGS = YES;
				SWIFT_VERSION = 5.0;
				TARGETED_DEVICE_FAMILY = "1,2";
			};
			name = Release;
		};
		D2B5998E2A17742700402EDA /* Debug */ = {
			isa = XCBuildConfiguration;
			buildSettings = {
				ALWAYS_EMBED_SWIFT_STANDARD_LIBRARIES = YES;
				BUNDLE_LOADER = "$(TEST_HOST)";
				CODE_SIGN_STYLE = Automatic;
				CURRENT_PROJECT_VERSION = 1;
				GENERATE_INFOPLIST_FILE = YES;
				IPHONEOS_DEPLOYMENT_TARGET = 16.4;
				MARKETING_VERSION = 1.0;
				PRODUCT_BUNDLE_IDENTIFIER = com.jaehee.SymbolRollerTests;
				PRODUCT_NAME = "$(TARGET_NAME)";
				SWIFT_EMIT_LOC_STRINGS = NO;
				SWIFT_VERSION = 5.0;
				TARGETED_DEVICE_FAMILY = "1,2";
				TEST_HOST = "$(BUILT_PRODUCTS_DIR)/SymbolRoller.app/$(BUNDLE_EXECUTABLE_FOLDER_PATH)/SymbolRoller";
			};
			name = Debug;
		};
		D2B5998F2A17742700402EDA /* Release */ = {
			isa = XCBuildConfiguration;
			buildSettings = {
				ALWAYS_EMBED_SWIFT_STANDARD_LIBRARIES = YES;
				BUNDLE_LOADER = "$(TEST_HOST)";
				CODE_SIGN_STYLE = Automatic;
				CURRENT_PROJECT_VERSION = 1;
				GENERATE_INFOPLIST_FILE = YES;
				IPHONEOS_DEPLOYMENT_TARGET = 16.4;
				MARKETING_VERSION = 1.0;
				PRODUCT_BUNDLE_IDENTIFIER = com.jaehee.SymbolRollerTests;
				PRODUCT_NAME = "$(TARGET_NAME)";
				SWIFT_EMIT_LOC_STRINGS = NO;
				SWIFT_VERSION = 5.0;
				TARGETED_DEVICE_FAMILY = "1,2";
				TEST_HOST = "$(BUILT_PRODUCTS_DIR)/SymbolRoller.app/$(BUNDLE_EXECUTABLE_FOLDER_PATH)/SymbolRoller";
			};
			name = Release;
		};
		D2B599912A17742700402EDA /* Debug */ = {
			isa = XCBuildConfiguration;
			buildSettings = {
				ALWAYS_EMBED_SWIFT_STANDARD_LIBRARIES = YES;
				CODE_SIGN_STYLE = Automatic;
				CURRENT_PROJECT_VERSION = 1;
				GENERATE_INFOPLIST_FILE = YES;
				MARKETING_VERSION = 1.0;
				PRODUCT_BUNDLE_IDENTIFIER = com.jaehee.SymbolRollerUITests;
				PRODUCT_NAME = "$(TARGET_NAME)";
				SWIFT_EMIT_LOC_STRINGS = NO;
				SWIFT_VERSION = 5.0;
				TARGETED_DEVICE_FAMILY = "1,2";
				TEST_TARGET_NAME = SymbolRoller;
			};
			name = Debug;
		};
		D2B599922A17742700402EDA /* Release */ = {
			isa = XCBuildConfiguration;
			buildSettings = {
				ALWAYS_EMBED_SWIFT_STANDARD_LIBRARIES = YES;
				CODE_SIGN_STYLE = Automatic;
				CURRENT_PROJECT_VERSION = 1;
				GENERATE_INFOPLIST_FILE = YES;
				MARKETING_VERSION = 1.0;
				PRODUCT_BUNDLE_IDENTIFIER = com.jaehee.SymbolRollerUITests;
				PRODUCT_NAME = "$(TARGET_NAME)";
				SWIFT_EMIT_LOC_STRINGS = NO;
				SWIFT_VERSION = 5.0;
				TARGETED_DEVICE_FAMILY = "1,2";
				TEST_TARGET_NAME = SymbolRoller;
			};
			name = Release;
		};
/* End XCBuildConfiguration section */

/* Begin XCConfigurationList section */
		D2B5995B2A17742500402EDA /* Build configuration list for PBXProject "SymbolRoller" */ = {
			isa = XCConfigurationList;
			buildConfigurations = (
				D2B599882A17742700402EDA /* Debug */,
				D2B599892A17742700402EDA /* Release */,
			);
			defaultConfigurationIsVisible = 0;
			defaultConfigurationName = Release;
		};
		D2B5998A2A17742700402EDA /* Build configuration list for PBXNativeTarget "SymbolRoller" */ = {
			isa = XCConfigurationList;
			buildConfigurations = (
				D2B5998B2A17742700402EDA /* Debug */,
				D2B5998C2A17742700402EDA /* Release */,
			);
			defaultConfigurationIsVisible = 0;
			defaultConfigurationName = Release;
		};
		D2B5998D2A17742700402EDA /* Build configuration list for PBXNativeTarget "SymbolRollerTests" */ = {
			isa = XCConfigurationList;
			buildConfigurations = (
				D2B5998E2A17742700402EDA /* Debug */,
				D2B5998F2A17742700402EDA /* Release */,
			);
			defaultConfigurationIsVisible = 0;
			defaultConfigurationName = Release;
		};
		D2B599902A17742700402EDA /* Build configuration list for PBXNativeTarget "SymbolRollerUITests" */ = {
			isa = XCConfigurationList;
			buildConfigurations = (
				D2B599912A17742700402EDA /* Debug */,
				D2B599922A17742700402EDA /* Release */,
			);
			defaultConfigurationIsVisible = 0;
			defaultConfigurationName = Release;
		};
/* End XCConfigurationList section */
	};
	rootObject = D2B599582A17742500402EDA /* Project object */;
}
